
Microsoft Visual Studio Solution File, Format Version 12.00
# Visual Studio 15
VisualStudioVersion = 15.0.27703.2026
MinimumVisualStudioVersion = 10.0.40219.1
Project("{159641D6-6404-4A2A-AE62-294DE0FE8301}") = "HurtownieLab2", "HurtownieLab2\HurtownieLab2.dtproj", "{89FDFF4F-BACD-492E-AA20-58DE00116155}"
EndProject
Global
	GlobalSection(SolutionConfigurationPlatforms) = preSolution
		Development|Default = Development|Default
	EndGlobalSection
	GlobalSection(ProjectConfigurationPlatforms) = postSolution
		{89FDFF4F-BACD-492E-AA20-58DE00116155}.Development|Default.ActiveCfg = Development
		{89FDFF4F-BACD-492E-AA20-58DE00116155}.Development|Default.Build.0 = Development
	EndGlobalSection
	GlobalSection(SolutionProperties) = preSolution
		HideSolutionNode = FALSE
	EndGlobalSection
	GlobalSection(ExtensibilityGlobals) = postSolution
		SolutionGuid = {83823D06-67D7-4ABE-866E-FA8D0F4FDC55}
	EndGlobalSection
EndGlobal
